
Microsoft Visual Studio Solution File, Format Version 12.00
# Visual Studio 2012
Project("{FAE04EC0-301F-11D3-BF4B-00C04F79EFBC}") = "CodingInterviewProblems", "CodingInterviewProblems\CodingInterviewProblems.csproj", "{11F4A736-A66B-447B-A7C7-73B317699BBF}"
EndProject
Global
	GlobalSection(SolutionConfigurationPlatforms) = preSolution
		Debug|Any CPU = Debug|Any CPU
		Release|Any CPU = Release|Any CPU
	EndGlobalSection
	GlobalSection(ProjectConfigurationPlatforms) = postSolution
		{11F4A736-A66B-447B-A7C7-73B317699BBF}.Debug|Any CPU.ActiveCfg = Debug|Any CPU
		{11F4A736-A66B-447B-A7C7-73B317699BBF}.Debug|Any CPU.Build.0 = Debug|Any CPU
		{11F4A736-A66B-447B-A7C7-73B317699BBF}.Release|Any CPU.ActiveCfg = Release|Any CPU
		{11F4A736-A66B-447B-A7C7-73B317699BBF}.Release|Any CPU.Build.0 = Release|Any CPU
	EndGlobalSection
	GlobalSection(SolutionProperties) = preSolution
		HideSolutionNode = FALSE
	EndGlobalSection
EndGlobal
